
Microsoft Visual Studio Solution File, Format Version 12.00
# Visual Studio Version 17
VisualStudioVersion = 17.14.36203.30 d17.14
MinimumVisualStudioVersion = 10.0.40219.1
Project("{F184B08F-C81C-45F6-A57F-5ABD9991F28F}") = "FirstPlay Sports - Rental Item", "FirstPlay Sports - Rental Item.vbproj", "{D0A641B2-FA84-4E49-B1CE-E2FFE5CDA3D8}"
EndProject
Global
	GlobalSection(SolutionConfigurationPlatforms) = preSolution
		Debug|Any CPU = Debug|Any CPU
		Release|Any CPU = Release|Any CPU
	EndGlobalSection
	GlobalSection(ProjectConfigurationPlatforms) = postSolution
		{D0A641B2-FA84-4E49-B1CE-E2FFE5CDA3D8}.Debug|Any CPU.ActiveCfg = Debug|Any CPU
		{D0A641B2-FA84-4E49-B1CE-E2FFE5CDA3D8}.Debug|Any CPU.Build.0 = Debug|Any CPU
		{D0A641B2-FA84-4E49-B1CE-E2FFE5CDA3D8}.Release|Any CPU.ActiveCfg = Release|Any CPU
		{D0A641B2-FA84-4E49-B1CE-E2FFE5CDA3D8}.Release|Any CPU.Build.0 = Release|Any CPU
	EndGlobalSection
	GlobalSection(SolutionProperties) = preSolution
		HideSolutionNode = FALSE
	EndGlobalSection
	GlobalSection(ExtensibilityGlobals) = postSolution
		SolutionGuid = {0806D30F-48EA-4480-9DA0-FC67F9107B91}
	EndGlobalSection
EndGlobal
